
Microsoft Visual Studio Solution File, Format Version 12.00
Project("{FAE04EC0-301F-11D3-BF4B-00C04F79EFBC}") = "HighLow_Number_Guessing", "HighLow_Number_Guessing\HighLow_Number_Guessing.csproj", "{3E167F5C-124C-4B0A-828A-B7A091854922}"
EndProject
Global
	GlobalSection(SolutionConfigurationPlatforms) = preSolution
		Debug|Any CPU = Debug|Any CPU
		Release|Any CPU = Release|Any CPU
	EndGlobalSection
	GlobalSection(ProjectConfigurationPlatforms) = postSolution
		{3E167F5C-124C-4B0A-828A-B7A091854922}.Debug|Any CPU.ActiveCfg = Debug|Any CPU
		{3E167F5C-124C-4B0A-828A-B7A091854922}.Debug|Any CPU.Build.0 = Debug|Any CPU
		{3E167F5C-124C-4B0A-828A-B7A091854922}.Release|Any CPU.ActiveCfg = Release|Any CPU
		{3E167F5C-124C-4B0A-828A-B7A091854922}.Release|Any CPU.Build.0 = Release|Any CPU
	EndGlobalSection
EndGlobal
